// !$*UTF8*$!
{
	archiveVersion = 1;
	classes = {
	};
	objectVersion = 46;
	objects = {

/* Begin PBXBuildFile section */
		794C0FBA18A641D900FF80A6 /* Foundation.framework in Frameworks */ = {isa = PBXBuildFile; fileRef = 794C0FB918A641D900FF80A6 /* Foundation.framework */; };
		794C0FBC18A641D900FF80A6 /* CoreGraphics.framework in Frameworks */ = {isa = PBXBuildFile; fileRef = 794C0FBB18A641D900FF80A6 /* CoreGraphics.framework */; };
		794C0FBE18A641D900FF80A6 /* UIKit.framework in Frameworks */ = {isa = PBXBuildFile; fileRef = 794C0FBD18A641D900FF80A6 /* UIKit.framework */; };
		794C0FC418A641D900FF80A6 /* InfoPlist.strings in Resources */ = {isa = PBXBuildFile; fileRef = 794C0FC218A641D900FF80A6 /* InfoPlist.strings */; };
		794C0FC618A641D900FF80A6 /* main.m in Sources */ = {isa = PBXBuildFile; fileRef = 794C0FC518A641D900FF80A6 /* main.m */; };
		794C0FCA18A641D900FF80A6 /* JHAppDelegate.m in Sources */ = {isa = PBXBuildFile; fileRef = 794C0FC918A641D900FF80A6 /* JHAppDelegate.m */; };
		794C0FCC18A641D900FF80A6 /* Images.xcassets in Resources */ = {isa = PBXBuildFile; fileRef = 794C0FCB18A641D900FF80A6 /* Images.xcassets */; };
		794C0FD318A641D900FF80A6 /* XCTest.framework in Frameworks */ = {isa = PBXBuildFile; fileRef = 794C0FD218A641D900FF80A6 /* XCTest.framework */; };
		794C0FD418A641D900FF80A6 /* Foundation.framework in Frameworks */ = {isa = PBXBuildFile; fileRef = 794C0FB918A641D900FF80A6 /* Foundation.framework */; };
		794C0FD518A641D900FF80A6 /* UIKit.framework in Frameworks */ = {isa = PBXBuildFile; fileRef = 794C0FBD18A641D900FF80A6 /* UIKit.framework */; };
		794C0FDD18A641D900FF80A6 /* InfoPlist.strings in Resources */ = {isa = PBXBuildFile; fileRef = 794C0FDB18A641D900FF80A6 /* InfoPlist.strings */; };
		794C0FDF18A641D900FF80A6 /* JHMenuSliderTests.m in Sources */ = {isa = PBXBuildFile; fileRef = 794C0FDE18A641D900FF80A6 /* JHMenuSliderTests.m */; };
		794C0FEC18A6456500FF80A6 /* JHLeftViewController.m in Sources */ = {isa = PBXBuildFile; fileRef = 794C0FEB18A6456500FF80A6 /* JHLeftViewController.m */; };
		794C0FEF18A6457800FF80A6 /* JHCenterViewController.m in Sources */ = {isa = PBXBuildFile; fileRef = 794C0FEE18A6457800FF80A6 /* JHCenterViewController.m */; };
		794C0FF218A6458600FF80A6 /* JHRightViewController.m in Sources */ = {isa = PBXBuildFile; fileRef = 794C0FF118A6458600FF80A6 /* JHRightViewController.m */; };
		794C0FF518A645FD00FF80A6 /* JHRootViewController.m in Sources */ = {isa = PBXBuildFile; fileRef = 794C0FF418A645FD00FF80A6 /* JHRootViewController.m */; };
/* End PBXBuildFile section */

/* Begin PBXContainerItemProxy section */
		794C0FD618A641D900FF80A6 /* PBXContainerItemProxy */ = {
			isa = PBXContainerItemProxy;
			containerPortal = 794C0FAE18A641D900FF80A6 /* Project object */;
			proxyType = 1;
			remoteGlobalIDString = 794C0FB518A641D900FF80A6;
			remoteInfo = JHMenuSlider;
		};
/* End PBXContainerItemProxy section */

/* Begin PBXFileReference section */
		794C0FB618A641D900FF80A6 /* JHMenuSlider.app */ = {isa = PBXFileReference; explicitFileType = wrapper.application; includeInIndex = 0; path = JHMenuSlider.app; sourceTree = BUILT_PRODUCTS_DIR; };
		794C0FB918A641D900FF80A6 /* Foundation.framework */ = {isa = PBXFileReference; lastKnownFileType = wrapper.framework; name = Foundation.framework; path = System/Library/Frameworks/Foundation.framework; sourceTree = SDKROOT; };
		794C0FBB18A641D900FF80A6 /* CoreGraphics.framework */ = {isa = PBXFileReference; lastKnownFileType = wrapper.framework; name = CoreGraphics.framework; path = System/Library/Frameworks/CoreGraphics.framework; sourceTree = SDKROOT; };
		794C0FBD18A641D900FF80A6 /* UIKit.framework */ = {isa = PBXFileReference; lastKnownFileType = wrapper.framework; name = UIKit.framework; path = System/Library/Frameworks/UIKit.framework; sourceTree = SDKROOT; };
		794C0FC118A641D900FF80A6 /* JHMenuSlider-Info.plist */ = {isa = PBXFileReference; lastKnownFileType = text.plist.xml; path = "JHMenuSlider-Info.plist"; sourceTree = "<group>"; };
		794C0FC318A641D900FF80A6 /* en */ = {isa = PBXFileReference; lastKnownFileType = text.plist.strings; name = en; path = en.lproj/InfoPlist.strings; sourceTree = "<group>"; };
		794C0FC518A641D900FF80A6 /* main.m */ = {isa = PBXFileReference; lastKnownFileType = sourcecode.c.objc; path = main.m; sourceTree = "<group>"; };
		794C0FC718A641D900FF80A6 /* JHMenuSlider-Prefix.pch */ = {isa = PBXFileReference; lastKnownFileType = sourcecode.c.h; path = "JHMenuSlider-Prefix.pch"; sourceTree = "<group>"; };
		794C0FC818A641D900FF80A6 /* JHAppDelegate.h */ = {isa = PBXFileReference; lastKnownFileType = sourcecode.c.h; path = JHAppDelegate.h; sourceTree = "<group>"; };
		794C0FC918A641D900FF80A6 /* JHAppDelegate.m */ = {isa = PBXFileReference; lastKnownFileType = sourcecode.c.objc; path = JHAppDelegate.m; sourceTree = "<group>"; };
		794C0FCB18A641D900FF80A6 /* Images.xcassets */ = {isa = PBXFileReference; lastKnownFileType = folder.assetcatalog; path = Images.xcassets; sourceTree = "<group>"; };
		794C0FD118A641D900FF80A6 /* JHMenuSliderTests.xctest */ = {isa = PBXFileReference; explicitFileType = wrapper.cfbundle; includeInIndex = 0; path = JHMenuSliderTests.xctest; sourceTree = BUILT_PRODUCTS_DIR; };
		794C0FD218A641D900FF80A6 /* XCTest.framework */ = {isa = PBXFileReference; lastKnownFileType = wrapper.framework; name = XCTest.framework; path = Library/Frameworks/XCTest.framework; sourceTree = DEVELOPER_DIR; };
		794C0FDA18A641D900FF80A6 /* JHMenuSliderTests-Info.plist */ = {isa = PBXFileReference; lastKnownFileType = text.plist.xml; path = "JHMenuSliderTests-Info.plist"; sourceTree = "<group>"; };
		794C0FDC18A641D900FF80A6 /* en */ = {isa = PBXFileReference; lastKnownFileType = text.plist.strings; name = en; path = en.lproj/InfoPlist.strings; sourceTree = "<group>"; };
		794C0FDE18A641D900FF80A6 /* JHMenuSliderTests.m */ = {isa = PBXFileReference; lastKnownFileType = sourcecode.c.objc; path = JHMenuSliderTests.m; sourceTree = "<group>"; };
		794C0FEA18A6456500FF80A6 /* JHLeftViewController.h */ = {isa = PBXFileReference; fileEncoding = 4; lastKnownFileType = sourcecode.c.h; name = JHLeftViewController.h; path = ../JHLeftViewController.h; sourceTree = "<group>"; };
		794C0FEB18A6456500FF80A6 /* JHLeftViewController.m */ = {isa = PBXFileReference; fileEncoding = 4; lastKnownFileType = sourcecode.c.objc; name = JHLeftViewController.m; path = ../JHLeftViewController.m; sourceTree = "<group>"; };
		794C0FED18A6457800FF80A6 /* JHCenterViewController.h */ = {isa = PBXFileReference; fileEncoding = 4; lastKnownFileType = sourcecode.c.h; name = JHCenterViewController.h; path = ../JHCenterViewController.h; sourceTree = "<group>"; };
		794C0FEE18A6457800FF80A6 /* JHCenterViewController.m */ = {isa = PBXFileReference; fileEncoding = 4; lastKnownFileType = sourcecode.c.objc; name = JHCenterViewController.m; path = ../JHCenterViewController.m; sourceTree = "<group>"; };
		794C0FF018A6458600FF80A6 /* JHRightViewController.h */ = {isa = PBXFileReference; fileEncoding = 4; lastKnownFileType = sourcecode.c.h; name = JHRightViewController.h; path = ../JHRightViewController.h; sourceTree = "<group>"; };
		794C0FF118A6458600FF80A6 /* JHRightViewController.m */ = {isa = PBXFileReference; fileEncoding = 4; lastKnownFileType = sourcecode.c.objc; name = JHRightViewController.m; path = ../JHRightViewController.m; sourceTree = "<group>"; };
		794C0FF318A645FD00FF80A6 /* JHRootViewController.h */ = {isa = PBXFileReference; fileEncoding = 4; lastKnownFileType = sourcecode.c.h; path = JHRootViewController.h; sourceTree = "<group>"; };
		794C0FF418A645FD00FF80A6 /* JHRootViewController.m */ = {isa = PBXFileReference; fileEncoding = 4; lastKnownFileType = sourcecode.c.objc; path = JHRootViewController.m; sourceTree = "<group>"; };
		794C0FF718A6668F00FF80A6 /* JHConstant.h */ = {isa = PBXFileReference; fileEncoding = 4; lastKnownFileType = sourcecode.c.h; name = JHConstant.h; path = menuslider/JHConstant.h; sourceTree = "<group>"; };
/* End PBXFileReference section */

/* Begin PBXFrameworksBuildPhase section */
		794C0FB318A641D900FF80A6 /* Frameworks */ = {
			isa = PBXFrameworksBuildPhase;
			buildActionMask = 2147483647;
			files = (
				794C0FBC18A641D900FF80A6 /* CoreGraphics.framework in Frameworks */,
				794C0FBE18A641D900FF80A6 /* UIKit.framework in Frameworks */,
				794C0FBA18A641D900FF80A6 /* Foundation.framework in Frameworks */,
			);
			runOnlyForDeploymentPostprocessing = 0;
		};
		794C0FCE18A641D900FF80A6 /* Frameworks */ = {
			isa = PBXFrameworksBuildPhase;
			buildActionMask = 2147483647;
			files = (
				794C0FD318A641D900FF80A6 /* XCTest.framework in Frameworks */,
				794C0FD518A641D900FF80A6 /* UIKit.framework in Frameworks */,
				794C0FD418A641D900FF80A6 /* Foundation.framework in Frameworks */,
			);
			runOnlyForDeploymentPostprocessing = 0;
		};
/* End PBXFrameworksBuildPhase section */

/* Begin PBXGroup section */
		794C0FAD18A641D900FF80A6 = {
			isa = PBXGroup;
			children = (
				794C0FE918A6451C00FF80A6 /* menuslider */,
				794C0FBF18A641D900FF80A6 /* JHMenuSlider */,
				794C0FD818A641D900FF80A6 /* JHMenuSliderTests */,
				794C0FB818A641D900FF80A6 /* Frameworks */,
				794C0FB718A641D900FF80A6 /* Products */,
			);
			sourceTree = "<group>";
		};
		794C0FB718A641D900FF80A6 /* Products */ = {
			isa = PBXGroup;
			children = (
				794C0FB618A641D900FF80A6 /* JHMenuSlider.app */,
				794C0FD118A641D900FF80A6 /* JHMenuSliderTests.xctest */,
			);
			name = Products;
			sourceTree = "<group>";
		};
		794C0FB818A641D900FF80A6 /* Frameworks */ = {
			isa = PBXGroup;
			children = (
				794C0FB918A641D900FF80A6 /* Foundation.framework */,
				794C0FBB18A641D900FF80A6 /* CoreGraphics.framework */,
				794C0FBD18A641D900FF80A6 /* UIKit.framework */,
				794C0FD218A641D900FF80A6 /* XCTest.framework */,
			);
			name = Frameworks;
			sourceTree = "<group>";
		};
		794C0FBF18A641D900FF80A6 /* JHMenuSlider */ = {
			isa = PBXGroup;
			children = (
				794C0FE818A6450A00FF80A6 /* controllers */,
				794C0FC818A641D900FF80A6 /* JHAppDelegate.h */,
				794C0FC918A641D900FF80A6 /* JHAppDelegate.m */,
				794C0FCB18A641D900FF80A6 /* Images.xcassets */,
				794C0FC018A641D900FF80A6 /* Supporting Files */,
			);
			path = JHMenuSlider;
			sourceTree = "<group>";
		};
		794C0FC018A641D900FF80A6 /* Supporting Files */ = {
			isa = PBXGroup;
			children = (
				794C0FC118A641D900FF80A6 /* JHMenuSlider-Info.plist */,
				794C0FC218A641D900FF80A6 /* InfoPlist.strings */,
				794C0FC518A641D900FF80A6 /* main.m */,
				794C0FC718A641D900FF80A6 /* JHMenuSlider-Prefix.pch */,
			);
			name = "Supporting Files";
			sourceTree = "<group>";
		};
		794C0FD818A641D900FF80A6 /* JHMenuSliderTests */ = {
			isa = PBXGroup;
			children = (
				794C0FDE18A641D900FF80A6 /* JHMenuSliderTests.m */,
				794C0FD918A641D900FF80A6 /* Supporting Files */,
			);
			path = JHMenuSliderTests;
			sourceTree = "<group>";
		};
		794C0FD918A641D900FF80A6 /* Supporting Files */ = {
			isa = PBXGroup;
			children = (
				794C0FDA18A641D900FF80A6 /* JHMenuSliderTests-Info.plist */,
				794C0FDB18A641D900FF80A6 /* InfoPlist.strings */,
			);
			name = "Supporting Files";
			sourceTree = "<group>";
		};
		794C0FE818A6450A00FF80A6 /* controllers */ = {
			isa = PBXGroup;
			children = (
				794C0FEA18A6456500FF80A6 /* JHLeftViewController.h */,
				794C0FEB18A6456500FF80A6 /* JHLeftViewController.m */,
				794C0FED18A6457800FF80A6 /* JHCenterViewController.h */,
				794C0FEE18A6457800FF80A6 /* JHCenterViewController.m */,
				794C0FF018A6458600FF80A6 /* JHRightViewController.h */,
				794C0FF118A6458600FF80A6 /* JHRightViewController.m */,
			);
			name = controllers;
			sourceTree = "<group>";
		};
		794C0FE918A6451C00FF80A6 /* menuslider */ = {
			isa = PBXGroup;
			children = (
				794C0FF318A645FD00FF80A6 /* JHRootViewController.h */,
				794C0FF418A645FD00FF80A6 /* JHRootViewController.m */,
				794C0FF718A6668F00FF80A6 /* JHConstant.h */,
			);
			name = menuslider;
			sourceTree = "<group>";
		};
/* End PBXGroup section */

/* Begin PBXNativeTarget section */
		794C0FB518A641D900FF80A6 /* JHMenuSlider */ = {
			isa = PBXNativeTarget;
			buildConfigurationList = 794C0FE218A641D900FF80A6 /* Build configuration list for PBXNativeTarget "JHMenuSlider" */;
			buildPhases = (
				794C0FB218A641D900FF80A6 /* Sources */,
				794C0FB318A641D900FF80A6 /* Frameworks */,
				794C0FB418A641D900FF80A6 /* Resources */,
			);
			buildRules = (
			);
			dependencies = (
			);
			name = JHMenuSlider;
			productName = JHMenuSlider;
			productReference = 794C0FB618A641D900FF80A6 /* JHMenuSlider.app */;
			productType = "com.apple.product-type.application";
		};
		794C0FD018A641D900FF80A6 /* JHMenuSliderTests */ = {
			isa = PBXNativeTarget;
			buildConfigurationList = 794C0FE518A641D900FF80A6 /* Build configuration list for PBXNativeTarget "JHMenuSliderTests" */;
			buildPhases = (
				794C0FCD18A641D900FF80A6 /* Sources */,
				794C0FCE18A641D900FF80A6 /* Frameworks */,
				794C0FCF18A641D900FF80A6 /* Resources */,
			);
			buildRules = (
			);
			dependencies = (
				794C0FD718A641D900FF80A6 /* PBXTargetDependency */,
			);
			name = JHMenuSliderTests;
			productName = JHMenuSliderTests;
			productReference = 794C0FD118A641D900FF80A6 /* JHMenuSliderTests.xctest */;
			productType = "com.apple.product-type.bundle.unit-test";
		};
/* End PBXNativeTarget section */

/* Begin PBXProject section */
		794C0FAE18A641D900FF80A6 /* Project object */ = {
			isa = PBXProject;
			attributes = {
				CLASSPREFIX = JH;
				LastUpgradeCheck = 0500;
				ORGANIZATIONNAME = Jhaliya;
				TargetAttributes = {
					794C0FD018A641D900FF80A6 = {
						TestTargetID = 794C0FB518A641D900FF80A6;
					};
				};
			};
			buildConfigurationList = 794C0FB118A641D900FF80A6 /* Build configuration list for PBXProject "JHMenuSlider" */;
			compatibilityVersion = "Xcode 3.2";
			developmentRegion = English;
			hasScannedForEncodings = 0;
			knownRegions = (
				en,
			);
			mainGroup = 794C0FAD18A641D900FF80A6;
			productRefGroup = 794C0FB718A641D900FF80A6 /* Products */;
			projectDirPath = "";
			projectRoot = "";
			targets = (
				794C0FB518A641D900FF80A6 /* JHMenuSlider */,
				794C0FD018A641D900FF80A6 /* JHMenuSliderTests */,
			);
		};
/* End PBXProject section */

/* Begin PBXResourcesBuildPhase section */
		794C0FB418A641D900FF80A6 /* Resources */ = {
			isa = PBXResourcesBuildPhase;
			buildActionMask = 2147483647;
			files = (
				794C0FC418A641D900FF80A6 /* InfoPlist.strings in Resources */,
				794C0FCC18A641D900FF80A6 /* Images.xcassets in Resources */,
			);
			runOnlyForDeploymentPostprocessing = 0;
		};
		794C0FCF18A641D900FF80A6 /* Resources */ = {
			isa = PBXResourcesBuildPhase;
			buildActionMask = 2147483647;
			files = (
				794C0FDD18A641D900FF80A6 /* InfoPlist.strings in Resources */,
			);
			runOnlyForDeploymentPostprocessing = 0;
		};
/* End PBXResourcesBuildPhase section */

/* Begin PBXSourcesBuildPhase section */
		794C0FB218A641D900FF80A6 /* Sources */ = {
			isa = PBXSourcesBuildPhase;
			buildActionMask = 2147483647;
			files = (
				794C0FF518A645FD00FF80A6 /* JHRootViewController.m in Sources */,
				794C0FCA18A641D900FF80A6 /* JHAppDelegate.m in Sources */,
				794C0FEF18A6457800FF80A6 /* JHCenterViewController.m in Sources */,
				794C0FC618A641D900FF80A6 /* main.m in Sources */,
				794C0FEC18A6456500FF80A6 /* JHLeftViewController.m in Sources */,
				794C0FF218A6458600FF80A6 /* JHRightViewController.m in Sources */,
			);
			runOnlyForDeploymentPostprocessing = 0;
		};
		794C0FCD18A641D900FF80A6 /* Sources */ = {
			isa = PBXSourcesBuildPhase;
			buildActionMask = 2147483647;
			files = (
				794C0FDF18A641D900FF80A6 /* JHMenuSliderTests.m in Sources */,
			);
			runOnlyForDeploymentPostprocessing = 0;
		};
/* End PBXSourcesBuildPhase section */

/* Begin PBXTargetDependency section */
		794C0FD718A641D900FF80A6 /* PBXTargetDependency */ = {
			isa = PBXTargetDependency;
			target = 794C0FB518A641D900FF80A6 /* JHMenuSlider */;
			targetProxy = 794C0FD618A641D900FF80A6 /* PBXContainerItemProxy */;
		};
/* End PBXTargetDependency section */

/* Begin PBXVariantGroup section */
		794C0FC218A641D900FF80A6 /* InfoPlist.strings */ = {
			isa = PBXVariantGroup;
			children = (
				794C0FC318A641D900FF80A6 /* en */,
			);
			name = InfoPlist.strings;
			sourceTree = "<group>";
		};
		794C0FDB18A641D900FF80A6 /* InfoPlist.strings */ = {
			isa = PBXVariantGroup;
			children = (
				794C0FDC18A641D900FF80A6 /* en */,
			);
			name = InfoPlist.strings;
			sourceTree = "<group>";
		};
/* End PBXVariantGroup section */

/* Begin XCBuildConfiguration section */
		794C0FE018A641D900FF80A6 /* Debug */ = {
			isa = XCBuildConfiguration;
			buildSettings = {
				ALWAYS_SEARCH_USER_PATHS = NO;
				ARCHS = "$(ARCHS_STANDARD_INCLUDING_64_BIT)";
				CLANG_CXX_LANGUAGE_STANDARD = "gnu++0x";
				CLANG_CXX_LIBRARY = "libc++";
				CLANG_ENABLE_MODULES = YES;
				CLANG_ENABLE_OBJC_ARC = YES;
				CLANG_WARN_BOOL_CONVERSION = YES;
				CLANG_WARN_CONSTANT_CONVERSION = YES;
				CLANG_WARN_DIRECT_OBJC_ISA_USAGE = YES_ERROR;
				CLANG_WARN_EMPTY_BODY = YES;
				CLANG_WARN_ENUM_CONVERSION = YES;
				CLANG_WARN_INT_CONVERSION = YES;
				CLANG_WARN_OBJC_ROOT_CLASS = YES_ERROR;
				CLANG_WARN__DUPLICATE_METHOD_MATCH = YES;
				"CODE_SIGN_IDENTITY[sdk=iphoneos*]" = "iPhone Developer";
				COPY_PHASE_STRIP = NO;
				GCC_C_LANGUAGE_STANDARD = gnu99;
				GCC_DYNAMIC_NO_PIC = NO;
				GCC_OPTIMIZATION_LEVEL = 0;
				GCC_PREPROCESSOR_DEFINITIONS = (
					"DEBUG=1",
					"$(inherited)",
				);
				GCC_SYMBOLS_PRIVATE_EXTERN = NO;
				GCC_WARN_64_TO_32_BIT_CONVERSION = YES;
				GCC_WARN_ABOUT_RETURN_TYPE = YES_ERROR;
				GCC_WARN_UNDECLARED_SELECTOR = YES;
				GCC_WARN_UNINITIALIZED_AUTOS = YES;
				GCC_WARN_UNUSED_FUNCTION = YES;
				GCC_WARN_UNUSED_VARIABLE = YES;
				IPHONEOS_DEPLOYMENT_TARGET = 7.0;
				ONLY_ACTIVE_ARCH = YES;
				SDKROOT = iphoneos;
			};
			name = Debug;
		};
		794C0FE118A641D900FF80A6 /* Release */ = {
			isa = XCBuildConfiguration;
			buildSettings = {
				ALWAYS_SEARCH_USER_PATHS = NO;
				ARCHS = "$(ARCHS_STANDARD_INCLUDING_64_BIT)";
				CLANG_CXX_LANGUAGE_STANDARD = "gnu++0x";
				CLANG_CXX_LIBRARY = "libc++";
				CLANG_ENABLE_MODULES = YES;
				CLANG_ENABLE_OBJC_ARC = YES;
				CLANG_WARN_BOOL_CONVERSION = YES;
				CLANG_WARN_CONSTANT_CONVERSION = YES;
				CLANG_WARN_DIRECT_OBJC_ISA_USAGE = YES_ERROR;
				CLANG_WARN_EMPTY_BODY = YES;
				CLANG_WARN_ENUM_CONVERSION = YES;
				CLANG_WARN_INT_CONVERSION = YES;
				CLANG_WARN_OBJC_ROOT_CLASS = YES_ERROR;
				CLANG_WARN__DUPLICATE_METHOD_MATCH = YES;
				"CODE_SIGN_IDENTITY[sdk=iphoneos*]" = "iPhone Developer";
				COPY_PHASE_STRIP = YES;
				ENABLE_NS_ASSERTIONS = NO;
				GCC_C_LANGUAGE_STANDARD = gnu99;
				GCC_WARN_64_TO_32_BIT_CONVERSION = YES;
				GCC_WARN_ABOUT_RETURN_TYPE = YES_ERROR;
				GCC_WARN_UNDECLARED_SELECTOR = YES;
				GCC_WARN_UNINITIALIZED_AUTOS = YES;
				GCC_WARN_UNUSED_FUNCTION = YES;
				GCC_WARN_UNUSED_VARIABLE = YES;
				IPHONEOS_DEPLOYMENT_TARGET = 7.0;
				SDKROOT = iphoneos;
				VALIDATE_PRODUCT = YES;
			};
			name = Release;
		};
		794C0FE318A641D900FF80A6 /* Debug */ = {
			isa = XCBuildConfiguration;
			buildSettings = {
				ASSETCATALOG_COMPILER_APPICON_NAME = AppIcon;
				ASSETCATALOG_COMPILER_LAUNCHIMAGE_NAME = LaunchImage;
				CODE_SIGN_IDENTITY = "";
				GCC_PRECOMPILE_PREFIX_HEADER = YES;
				GCC_PREFIX_HEADER = "JHMenuSlider/JHMenuSlider-Prefix.pch";
				INFOPLIST_FILE = "JHMenuSlider/JHMenuSlider-Info.plist";
				PRODUCT_NAME = "$(TARGET_NAME)";
				PROVISIONING_PROFILE = "";
				WRAPPER_EXTENSION = app;
			};
			name = Debug;
		};
		794C0FE418A641D900FF80A6 /* Release */ = {
			isa = XCBuildConfiguration;
			buildSettings = {
				ASSETCATALOG_COMPILER_APPICON_NAME = AppIcon;
				ASSETCATALOG_COMPILER_LAUNCHIMAGE_NAME = LaunchImage;
				CODE_SIGN_IDENTITY = "";
				GCC_PRECOMPILE_PREFIX_HEADER = YES;
				GCC_PREFIX_HEADER = "JHMenuSlider/JHMenuSlider-Prefix.pch";
				INFOPLIST_FILE = "JHMenuSlider/JHMenuSlider-Info.plist";
				PRODUCT_NAME = "$(TARGET_NAME)";
				PROVISIONING_PROFILE = "";
				WRAPPER_EXTENSION = app;
			};
			name = Release;
		};
		794C0FE618A641D900FF80A6 /* Debug */ = {
			isa = XCBuildConfiguration;
			buildSettings = {
				ARCHS = "$(ARCHS_STANDARD_INCLUDING_64_BIT)";
				BUNDLE_LOADER = "$(BUILT_PRODUCTS_DIR)/JHMenuSlider.app/JHMenuSlider";
				FRAMEWORK_SEARCH_PATHS = (
					"$(SDKROOT)/Developer/Library/Frameworks",
					"$(inherited)",
					"$(DEVELOPER_FRAMEWORKS_DIR)",
				);
				GCC_PRECOMPILE_PREFIX_HEADER = YES;
				GCC_PREFIX_HEADER = "JHMenuSlider/JHMenuSlider-Prefix.pch";
				GCC_PREPROCESSOR_DEFINITIONS = (
					"DEBUG=1",
					"$(inherited)",
				);
				INFOPLIST_FILE = "JHMenuSliderTests/JHMenuSliderTests-Info.plist";
				PRODUCT_NAME = "$(TARGET_NAME)";
				TEST_HOST = "$(BUNDLE_LOADER)";
				WRAPPER_EXTENSION = xctest;
			};
			name = Debug;
		};
		794C0FE718A641D900FF80A6 /* Release */ = {
			isa = XCBuildConfiguration;
			buildSettings = {
				ARCHS = "$(ARCHS_STANDARD_INCLUDING_64_BIT)";
				BUNDLE_LOADER = "$(BUILT_PRODUCTS_DIR)/JHMenuSlider.app/JHMenuSlider";
				FRAMEWORK_SEARCH_PATHS = (
					"$(SDKROOT)/Developer/Library/Frameworks",
					"$(inherited)",
					"$(DEVELOPER_FRAMEWORKS_DIR)",
				);
				GCC_PRECOMPILE_PREFIX_HEADER = YES;
				GCC_PREFIX_HEADER = "JHMenuSlider/JHMenuSlider-Prefix.pch";
				INFOPLIST_FILE = "JHMenuSliderTests/JHMenuSliderTests-Info.plist";
				PRODUCT_NAME = "$(TARGET_NAME)";
				TEST_HOST = "$(BUNDLE_LOADER)";
				WRAPPER_EXTENSION = xctest;
			};
			name = Release;
		};
/* End XCBuildConfiguration section */

/* Begin XCConfigurationList section */
		794C0FB118A641D900FF80A6 /* Build configuration list for PBXProject "JHMenuSlider" */ = {
			isa = XCConfigurationList;
			buildConfigurations = (
				794C0FE018A641D900FF80A6 /* Debug */,
				794C0FE118A641D900FF80A6 /* Release */,
			);
			defaultConfigurationIsVisible = 0;
			defaultConfigurationName = Release;
		};
		794C0FE218A641D900FF80A6 /* Build configuration list for PBXNativeTarget "JHMenuSlider" */ = {
			isa = XCConfigurationList;
			buildConfigurations = (
				794C0FE318A641D900FF80A6 /* Debug */,
				794C0FE418A641D900FF80A6 /* Release */,
			);
			defaultConfigurationIsVisible = 0;
			defaultConfigurationName = Release;
		};
		794C0FE518A641D900FF80A6 /* Build configuration list for PBXNativeTarget "JHMenuSliderTests" */ = {
			isa = XCConfigurationList;
			buildConfigurations = (
				794C0FE618A641D900FF80A6 /* Debug */,
				794C0FE718A641D900FF80A6 /* Release */,
			);
			defaultConfigurationIsVisible = 0;
			defaultConfigurationName = Release;
		};
/* End XCConfigurationList section */
	};
	rootObject = 794C0FAE18A641D900FF80A6 /* Project object */;
}
